{
  "name": "@wso2/syntax-tree",
  "version": "3.4.2",
  "lockfileVersion": 2,
  "requires": true,
  "packages": {
    "": {
      "name": "@wso2/syntax-tree",
      "version": "3.4.2",
      "license": "UNLICENSED",
      "devDependencies": {
        "husky": "^7.0.1",
        "lint-staged": "^11.1.2",
        "prettier": "^2.4.1",
        "rimraf": "^3.0.2",
        "tslint": "^6.1.3",
        "typescript": "^4.9.4"
      },
      "engines": {
        "node": ">=6.0.0"
      }
    },
    "../../../common/temp/node_modules/.pnpm/husky@7.0.4/node_modules/husky": {
      "version": "7.0.4",
      "dev": true,
      "license": "MIT",
      "bin": {
        "husky": "lib/bin.js"
      },
      "devDependencies": {
        "@commitlint/cli": "^12.0.1",
        "@commitlint/config-conventional": "^12.0.1",
        "@tsconfig/node12": "^1.0.7",
        "@types/node": "^15.3.1",
        "@typicode/eslint-config": "^0.1.2",
        "docsify-cli": "^4.4.3",
        "typescript": "^4.2.3"
      },
      "engines": {
        "node": ">=12"
      },
      "funding": {
        "url": "https://github.com/sponsors/typicode"
      }
    },
    "../../../common/temp/node_modules/.pnpm/lint-staged@11.2.6/node_modules/lint-staged": {
      "version": "11.2.6",
      "dev": true,
      "license": "MIT",
      "dependencies": {
        "cli-truncate": "2.1.0",
        "colorette": "^1.4.0",
        "commander": "^8.2.0",
        "cosmiconfig": "^7.0.1",
        "debug": "^4.3.2",
        "enquirer": "^2.3.6",
        "execa": "^5.1.1",
        "listr2": "^3.12.2",
        "micromatch": "^4.0.4",
        "normalize-path": "^3.0.0",
        "please-upgrade-node": "^3.2.0",
        "string-argv": "0.3.1",
        "stringify-object": "3.3.0",
        "supports-color": "8.1.1"
      },
      "bin": {
        "lint-staged": "bin/lint-staged.js"
      },
      "devDependencies": {
        "@babel/core": "^7.15.5",
        "@babel/eslint-parser": "^7.15.7",
        "@babel/plugin-proposal-object-rest-spread": "^7.15.6",
        "@babel/preset-env": "^7.15.6",
        "babel-jest": "^27.2.4",
        "consolemock": "^1.1.0",
        "eslint": "^7.32.0",
        "eslint-config-prettier": "^8.3.0",
        "eslint-plugin-import": "^2.24.2",
        "eslint-plugin-node": "^11.1.0",
        "eslint-plugin-prettier": "^4.0.0",
        "fs-extra": "^10.0.0",
        "husky": "^7.0.2",
        "jest": "^27.2.4",
        "jest-snapshot-serializer-ansi": "^1.0.0",
        "prettier": "^2.4.1"
      },
      "funding": {
        "url": "https://opencollective.com/lint-staged"
      }
    },
    "../../../common/temp/node_modules/.pnpm/prettier@2.8.8/node_modules/prettier": {
      "version": "2.8.8",
      "dev": true,
      "license": "MIT",
      "bin": {
        "prettier": "bin-prettier.js"
      },
      "engines": {
        "node": ">=10.13.0"
      },
      "funding": {
        "url": "https://github.com/prettier/prettier?sponsor=1"
      }
    },
    "../../../common/temp/node_modules/.pnpm/rimraf@3.0.2/node_modules/rimraf": {
      "version": "3.0.2",
      "dev": true,
      "license": "ISC",
      "dependencies": {
        "glob": "^7.1.3"
      },
      "bin": {
        "rimraf": "bin.js"
      },
      "devDependencies": {
        "mkdirp": "^0.5.1",
        "tap": "^12.1.1"
      },
      "funding": {
        "url": "https://github.com/sponsors/isaacs"
      }
    },
    "../../../common/temp/node_modules/.pnpm/tslint@6.1.3_typescript@4.9.5/node_modules/tslint": {
      "version": "6.1.3",
      "dev": true,
      "license": "Apache-2.0",
      "dependencies": {
        "@babel/code-frame": "^7.0.0",
        "builtin-modules": "^1.1.1",
        "chalk": "^2.3.0",
        "commander": "^2.12.1",
        "diff": "^4.0.1",
        "glob": "^7.1.1",
        "js-yaml": "^3.13.1",
        "minimatch": "^3.0.4",
        "mkdirp": "^0.5.3",
        "resolve": "^1.3.2",
        "semver": "^5.3.0",
        "tslib": "^1.13.0",
        "tsutils": "^2.29.0"
      },
      "bin": {
        "tslint": "bin/tslint"
      },
      "devDependencies": {
        "@octokit/rest": "^16.24.3",
        "@types/babel__code-frame": "^7.0.1",
        "@types/chai": "^3.5.0",
        "@types/diff": "^3.2.0",
        "@types/glob": "^5.0.30",
        "@types/js-yaml": "^3.5.31",
        "@types/minimatch": "^2.0.29",
        "@types/mkdirp": "^0.5.2",
        "@types/mocha": "^5.2.6",
        "@types/node": "^7.0.29",
        "@types/resolve": "^0.0.4",
        "@types/rimraf": "^2.0.2",
        "@types/semver": "^5.3.30",
        "chai": "^3.5.0",
        "husky": "^0.14.3",
        "json-stringify-pretty-compact": "^1.2.0",
        "mocha": "^6.1.4",
        "npm-run-all": "^4.0.2",
        "nyc": "^14.1.1",
        "prettier": "~1.16.4",
        "rimraf": "^2.5.4",
        "ts-node": "^3.3.0",
        "tslint": "~5.13.0",
        "tslint-config-prettier": "^1.18.0",
        "tslint-plugin-prettier": "^2.0.1",
        "tslint-test-config-non-relative": "file:test/external/tslint-test-config-non-relative",
        "typescript": "~4.0.0-beta",
        "yarn-deduplicate": "^1.1.1"
      },
      "engines": {
        "node": ">=4.8.0"
      },
      "peerDependencies": {
        "typescript": ">=2.3.0-dev || >=2.4.0-dev || >=2.5.0-dev || >=2.6.0-dev || >=2.7.0-dev || >=2.8.0-dev || >=2.9.0-dev || >=3.0.0-dev || >= 3.1.0-dev || >= 3.2.0-dev || >= 4.0.0-dev"
      }
    },
    "../../../common/temp/node_modules/.pnpm/typescript@4.9.5/node_modules/typescript": {
      "version": "4.9.5",
      "dev": true,
      "license": "Apache-2.0",
      "bin": {
        "tsc": "bin/tsc",
        "tsserver": "bin/tsserver"
      },
      "devDependencies": {
        "@octokit/rest": "latest",
        "@types/chai": "latest",
        "@types/fancy-log": "^2.0.0",
        "@types/fs-extra": "^9.0.13",
        "@types/glob": "latest",
        "@types/gulp": "^4.0.9",
        "@types/gulp-concat": "latest",
        "@types/gulp-newer": "latest",
        "@types/gulp-rename": "latest",
        "@types/gulp-sourcemaps": "latest",
        "@types/merge2": "latest",
        "@types/microsoft__typescript-etw": "latest",
        "@types/minimist": "latest",
        "@types/mkdirp": "latest",
        "@types/mocha": "latest",
        "@types/ms": "latest",
        "@types/node": "latest",
        "@types/source-map-support": "latest",
        "@types/which": "^2.0.1",
        "@types/xml2js": "^0.4.11",
        "@typescript-eslint/eslint-plugin": "^5.33.1",
        "@typescript-eslint/parser": "^5.33.1",
        "@typescript-eslint/utils": "^5.33.1",
        "azure-devops-node-api": "^11.2.0",
        "chai": "latest",
        "chalk": "^4.1.2",
        "del": "^6.1.1",
        "diff": "^5.1.0",
        "eslint": "^8.22.0",
        "eslint-formatter-autolinkable-stylish": "^1.2.0",
        "eslint-plugin-import": "^2.26.0",
        "eslint-plugin-jsdoc": "^39.3.6",
        "eslint-plugin-local": "^1.0.0",
        "eslint-plugin-no-null": "^1.0.2",
        "fancy-log": "latest",
        "fs-extra": "^9.1.0",
        "glob": "latest",
        "gulp": "^4.0.2",
        "gulp-concat": "latest",
        "gulp-insert": "latest",
        "gulp-newer": "latest",
        "gulp-rename": "latest",
        "gulp-sourcemaps": "latest",
        "merge2": "latest",
        "minimist": "latest",
        "mkdirp": "latest",
        "mocha": "latest",
        "mocha-fivemat-progress-reporter": "latest",
        "ms": "^2.1.3",
        "node-fetch": "^3.2.10",
        "source-map-support": "latest",
        "typescript": "^4.8.4",
        "vinyl": "latest",
        "which": "^2.0.2",
        "xml2js": "^0.4.23"
      },
      "engines": {
        "node": ">=4.2.0"
      }
    },
    "node_modules/husky": {
      "resolved": "../../../common/temp/node_modules/.pnpm/husky@7.0.4/node_modules/husky",
      "link": true
    },
    "node_modules/lint-staged": {
      "resolved": "../../../common/temp/node_modules/.pnpm/lint-staged@11.2.6/node_modules/lint-staged",
      "link": true
    },
    "node_modules/prettier": {
      "resolved": "../../../common/temp/node_modules/.pnpm/prettier@2.8.8/node_modules/prettier",
      "link": true
    },
    "node_modules/rimraf": {
      "resolved": "../../../common/temp/node_modules/.pnpm/rimraf@3.0.2/node_modules/rimraf",
      "link": true
    },
    "node_modules/tslint": {
      "resolved": "../../../common/temp/node_modules/.pnpm/tslint@6.1.3_typescript@4.9.5/node_modules/tslint",
      "link": true
    },
    "node_modules/typescript": {
      "resolved": "../../../common/temp/node_modules/.pnpm/typescript@4.9.5/node_modules/typescript",
      "link": true
    }
  },
  "dependencies": {
    "husky": {
      "version": "file:../../../common/temp/node_modules/.pnpm/husky@7.0.4/node_modules/husky",
      "requires": {
        "@commitlint/cli": "^12.0.1",
        "@commitlint/config-conventional": "^12.0.1",
        "@tsconfig/node12": "^1.0.7",
        "@types/node": "^15.3.1",
        "@typicode/eslint-config": "^0.1.2",
        "docsify-cli": "^4.4.3",
        "typescript": "^4.2.3"
      }
    },
    "lint-staged": {
      "version": "file:../../../common/temp/node_modules/.pnpm/lint-staged@11.2.6/node_modules/lint-staged",
      "requires": {
        "@babel/core": "^7.15.5",
        "@babel/eslint-parser": "^7.15.7",
        "@babel/plugin-proposal-object-rest-spread": "^7.15.6",
        "@babel/preset-env": "^7.15.6",
        "babel-jest": "^27.2.4",
        "cli-truncate": "2.1.0",
        "colorette": "^1.4.0",
        "commander": "^8.2.0",
        "consolemock": "^1.1.0",
        "cosmiconfig": "^7.0.1",
        "debug": "^4.3.2",
        "enquirer": "^2.3.6",
        "eslint": "^7.32.0",
        "eslint-config-prettier": "^8.3.0",
        "eslint-plugin-import": "^2.24.2",
        "eslint-plugin-node": "^11.1.0",
        "eslint-plugin-prettier": "^4.0.0",
        "execa": "^5.1.1",
        "fs-extra": "^10.0.0",
        "husky": "^7.0.2",
        "jest": "^27.2.4",
        "jest-snapshot-serializer-ansi": "^1.0.0",
        "listr2": "^3.12.2",
        "micromatch": "^4.0.4",
        "normalize-path": "^3.0.0",
        "please-upgrade-node": "^3.2.0",
        "prettier": "^2.4.1",
        "string-argv": "0.3.1",
        "stringify-object": "3.3.0",
        "supports-color": "8.1.1"
      }
    },
    "prettier": {
      "version": "file:../../../common/temp/node_modules/.pnpm/prettier@2.8.8/node_modules/prettier"
    },
    "rimraf": {
      "version": "file:../../../common/temp/node_modules/.pnpm/rimraf@3.0.2/node_modules/rimraf",
      "requires": {
        "glob": "^7.1.3",
        "mkdirp": "^0.5.1",
        "tap": "^12.1.1"
      }
    },
    "tslint": {
      "version": "file:../../../common/temp/node_modules/.pnpm/tslint@6.1.3_typescript@4.9.5/node_modules/tslint",
      "requires": {
        "@babel/code-frame": "^7.0.0",
        "@octokit/rest": "^16.24.3",
        "@types/babel__code-frame": "^7.0.1",
        "@types/chai": "^3.5.0",
        "@types/diff": "^3.2.0",
        "@types/glob": "^5.0.30",
        "@types/js-yaml": "^3.5.31",
        "@types/minimatch": "^2.0.29",
        "@types/mkdirp": "^0.5.2",
        "@types/mocha": "^5.2.6",
        "@types/node": "^7.0.29",
        "@types/resolve": "^0.0.4",
        "@types/rimraf": "^2.0.2",
        "@types/semver": "^5.3.30",
        "builtin-modules": "^1.1.1",
        "chai": "^3.5.0",
        "chalk": "^2.3.0",
        "commander": "^2.12.1",
        "diff": "^4.0.1",
        "glob": "^7.1.1",
        "husky": "^0.14.3",
        "js-yaml": "^3.13.1",
        "json-stringify-pretty-compact": "^1.2.0",
        "minimatch": "^3.0.4",
        "mkdirp": "^0.5.3",
        "mocha": "^6.1.4",
        "npm-run-all": "^4.0.2",
        "nyc": "^14.1.1",
        "prettier": "~1.16.4",
        "resolve": "^1.3.2",
        "rimraf": "^2.5.4",
        "semver": "^5.3.0",
        "ts-node": "^3.3.0",
        "tslib": "^1.13.0",
        "tslint": "~5.13.0",
        "tslint-config-prettier": "^1.18.0",
        "tslint-plugin-prettier": "^2.0.1",
        "tslint-test-config-non-relative": "file:test/external/tslint-test-config-non-relative",
        "tsutils": "^2.29.0",
        "typescript": "~4.0.0-beta",
        "yarn-deduplicate": "^1.1.1"
      }
    },
    "typescript": {
      "version": "file:../../../common/temp/node_modules/.pnpm/typescript@4.9.5/node_modules/typescript",
      "requires": {
        "@octokit/rest": "latest",
        "@types/chai": "latest",
        "@types/fancy-log": "^2.0.0",
        "@types/fs-extra": "^9.0.13",
        "@types/glob": "latest",
        "@types/gulp": "^4.0.9",
        "@types/gulp-concat": "latest",
        "@types/gulp-newer": "latest",
        "@types/gulp-rename": "latest",
        "@types/gulp-sourcemaps": "latest",
        "@types/merge2": "latest",
        "@types/microsoft__typescript-etw": "latest",
        "@types/minimist": "latest",
        "@types/mkdirp": "latest",
        "@types/mocha": "latest",
        "@types/ms": "latest",
        "@types/node": "latest",
        "@types/source-map-support": "latest",
        "@types/which": "^2.0.1",
        "@types/xml2js": "^0.4.11",
        "@typescript-eslint/eslint-plugin": "^5.33.1",
        "@typescript-eslint/parser": "^5.33.1",
        "@typescript-eslint/utils": "^5.33.1",
        "azure-devops-node-api": "^11.2.0",
        "chai": "latest",
        "chalk": "^4.1.2",
        "del": "^6.1.1",
        "diff": "^5.1.0",
        "eslint": "^8.22.0",
        "eslint-formatter-autolinkable-stylish": "^1.2.0",
        "eslint-plugin-import": "^2.26.0",
        "eslint-plugin-jsdoc": "^39.3.6",
        "eslint-plugin-local": "^1.0.0",
        "eslint-plugin-no-null": "^1.0.2",
        "fancy-log": "latest",
        "fs-extra": "^9.1.0",
        "glob": "latest",
        "gulp": "^4.0.2",
        "gulp-concat": "latest",
        "gulp-insert": "latest",
        "gulp-newer": "latest",
        "gulp-rename": "latest",
        "gulp-sourcemaps": "latest",
        "merge2": "latest",
        "minimist": "latest",
        "mkdirp": "latest",
        "mocha": "latest",
        "mocha-fivemat-progress-reporter": "latest",
        "ms": "^2.1.3",
        "node-fetch": "^3.2.10",
        "source-map-support": "latest",
        "typescript": "^4.8.4",
        "vinyl": "latest",
        "which": "^2.0.2",
        "xml2js": "^0.4.23"
      }
    }
  }
}
